
Microsoft Visual Studio Solution File, Format Version 12.00
# Visual Studio Version 17
VisualStudioVersion = 17.4.33103.184
MinimumVisualStudioVersion = 10.0.40219.1
Project("{9A19103F-16F7-4668-BE54-9A1E7A4F7556}") = "Ejercicios programacion", "Ejercicios programacion\Ejercicios programacion.csproj", "{F1ABBAD0-1EC2-4662-A14C-9292634A86FF}"
EndProject
Project("{FAE04EC0-301F-11D3-BF4B-00C04F79EFBC}") = "Ejercico 2.4", "Ejercico 2.4\Ejercico 2.4.csproj", "{997E6F64-5014-4CF6-8037-E7CDD3A80219}"
EndProject
Project("{FAE04EC0-301F-11D3-BF4B-00C04F79EFBC}") = "Ejercicio 2.15", "Ejercicio 2.15\Ejercicio 2.15.csproj", "{55BA8981-AF16-496E-BA6D-D84AD33F0D85}"
EndProject
Project("{FAE04EC0-301F-11D3-BF4B-00C04F79EFBC}") = "Ejercicio 2.16", "Ejercicio 2.16\Ejercicio 2.16.csproj", "{BBC5E9B2-C644-47F4-B892-C1FFFD36ABBB}"
EndProject
Project("{FAE04EC0-301F-11D3-BF4B-00C04F79EFBC}") = "Ejercicio 2.17", "Ejercicio 2.17\Ejercicio 2.17.csproj", "{A9D2AA9B-72AF-41CC-A92D-0B6920497F7B}"
EndProject
Project("{FAE04EC0-301F-11D3-BF4B-00C04F79EFBC}") = "Ejercicio 3.5", "Ejercicio 3.5\Ejercicio 3.5.csproj", "{3B15BFF4-6F6C-4DBB-9A8E-4D7D8E1997E9}"
EndProject
Project("{FAE04EC0-301F-11D3-BF4B-00C04F79EFBC}") = "Ejercicio 4.5", "Ejercicio 4.5\Ejercicio 4.5.csproj", "{5325AEF0-8E2E-46A5-9EDF-454BC20A53B0}"
EndProject
Project("{FAE04EC0-301F-11D3-BF4B-00C04F79EFBC}") = "Ejercicio 4.7", "Ejercicio 4.7\Ejercicio 4.7.csproj", "{C91D0E8D-F02A-458F-AE92-5A07B3602566}"
EndProject
Project("{FAE04EC0-301F-11D3-BF4B-00C04F79EFBC}") = "Ejercicio 4.9", "Ejercicio 4.9\Ejercicio 4.9.csproj", "{E9236C6C-77C2-4717-A922-7C989FDBCE01}"
EndProject
Project("{FAE04EC0-301F-11D3-BF4B-00C04F79EFBC}") = "Ejercicio 5.17", "Ejercicio 5.17\Ejercicio 5.17.csproj", "{8A3C546D-4B6F-4047-90F6-67A3F7A303DB}"
EndProject
Project("{FAE04EC0-301F-11D3-BF4B-00C04F79EFBC}") = "Ejemplo 2.5", "Ejemplo 2.5\Ejemplo 2.5.csproj", "{4BF57352-602C-45AA-8D04-4A5B00635321}"
EndProject
Project("{FAE04EC0-301F-11D3-BF4B-00C04F79EFBC}") = "Ejemplo 2.7", "Ejemplo 2.7\Ejemplo 2.7.csproj", "{18FB135E-D93F-44F3-80BB-293274103353}"
EndProject
Project("{FAE04EC0-301F-11D3-BF4B-00C04F79EFBC}") = "Ejemplo 2.9", "Ejemplo 2.9\Ejemplo 2.9.csproj", "{5458A800-806E-4318-AAFC-23619C22B9F5}"
EndProject
Project("{FAE04EC0-301F-11D3-BF4B-00C04F79EFBC}") = "Ejemplo 2.10", "Ejemplo 2.10\Ejemplo 2.10.csproj", "{FA9EC560-2F2A-4551-BEED-605581BA80C4}"
EndProject
Project("{FAE04EC0-301F-11D3-BF4B-00C04F79EFBC}") = "Ejemplo 2.11", "Ejemplo 2.11\Ejemplo 2.11.csproj", "{DD6F429C-143A-4C8B-ADCE-EA06C29CD017}"
EndProject
Project("{FAE04EC0-301F-11D3-BF4B-00C04F79EFBC}") = "Ejemplo 3.1", "Ejemplo 3.1\Ejemplo 3.1.csproj", "{1B6E09DA-16F9-4782-8A17-9CE61EA22723}"
EndProject
Project("{FAE04EC0-301F-11D3-BF4B-00C04F79EFBC}") = "Ejemplo 3.2", "Ejemplo 3.2\Ejemplo 3.2.csproj", "{FC0C8416-F30D-46D2-BD7C-797CC5BDA1D3}"
EndProject
Project("{FAE04EC0-301F-11D3-BF4B-00C04F79EFBC}") = "Ejemplo 3.3", "Ejemplo 3.3\Ejemplo 3.3.csproj", "{045943C8-3DBF-4BEF-BC60-6AAEFBC138CB}"
EndProject
Project("{FAE04EC0-301F-11D3-BF4B-00C04F79EFBC}") = "Ejemplo3.4", "Ejemplo3.4\Ejemplo3.4.csproj", "{6212D1F5-5581-40CF-8681-CA3077F93E0F}"
EndProject
Project("{FAE04EC0-301F-11D3-BF4B-00C04F79EFBC}") = "Ejemplo 3.5", "Ejemplo 3.5\Ejemplo 3.5.csproj", "{E61665B2-634A-4D8A-8E6D-FEBEE0893B11}"
EndProject
Project("{FAE04EC0-301F-11D3-BF4B-00C04F79EFBC}") = "Ejemplo 3.6", "Ejemplo 3.6\Ejemplo 3.6.csproj", "{41ED2B27-3E1A-42C9-9B1E-4CA8B77E4E4D}"
EndProject
Project("{FAE04EC0-301F-11D3-BF4B-00C04F79EFBC}") = "Ejemplo3.7", "Ejemplo3.7\Ejemplo3.7.csproj", "{A3944D06-E7C7-4849-9AE8-BD4B98C459D6}"
EndProject
Project("{FAE04EC0-301F-11D3-BF4B-00C04F79EFBC}") = "Ejemplo 3.9", "Ejemplo 3.9\Ejemplo 3.9.csproj", "{A2B03CE3-6E6F-42D1-871B-060C266C4C1C}"
EndProject
Project("{FAE04EC0-301F-11D3-BF4B-00C04F79EFBC}") = "Ejemplo 3.12", "Ejemplo 3.12\Ejemplo 3.12.csproj", "{23EC21B8-2F88-4B2E-8774-24F0C8009DF0}"
EndProject
Project("{FAE04EC0-301F-11D3-BF4B-00C04F79EFBC}") = "Ejemplo 4.1", "Ejercicio 4.1\Ejemplo 4.1.csproj", "{F22E1DA1-2A0F-44A0-A943-DD1353F950E2}"
EndProject
Project("{FAE04EC0-301F-11D3-BF4B-00C04F79EFBC}") = "Ejemplo 4.4", "Ejemplo 4.4\Ejemplo 4.4.csproj", "{E0DF7714-5DDE-46DB-BDD2-20BC79B3E365}"
EndProject
Project("{FAE04EC0-301F-11D3-BF4B-00C04F79EFBC}") = "Ejemplo 4.5", "Ejemplo 4.5\Ejemplo 4.5.csproj", "{1BDD46D1-9AA6-4175-AB47-A7CE25188751}"
EndProject
Project("{FAE04EC0-301F-11D3-BF4B-00C04F79EFBC}") = "Ejemplo 4.6", "Ejemplo 4.6\Ejemplo 4.6.csproj", "{39BE9A28-93E3-49AE-8B0F-58C46DF5FC26}"
EndProject
Global
	GlobalSection(SolutionConfigurationPlatforms) = preSolution
		Debug|Any CPU = Debug|Any CPU
		Release|Any CPU = Release|Any CPU
	EndGlobalSection
	GlobalSection(ProjectConfigurationPlatforms) = postSolution
		{F1ABBAD0-1EC2-4662-A14C-9292634A86FF}.Debug|Any CPU.ActiveCfg = Debug|Any CPU
		{F1ABBAD0-1EC2-4662-A14C-9292634A86FF}.Debug|Any CPU.Build.0 = Debug|Any CPU
		{F1ABBAD0-1EC2-4662-A14C-9292634A86FF}.Release|Any CPU.ActiveCfg = Release|Any CPU
		{F1ABBAD0-1EC2-4662-A14C-9292634A86FF}.Release|Any CPU.Build.0 = Release|Any CPU
		{997E6F64-5014-4CF6-8037-E7CDD3A80219}.Debug|Any CPU.ActiveCfg = Debug|Any CPU
		{997E6F64-5014-4CF6-8037-E7CDD3A80219}.Debug|Any CPU.Build.0 = Debug|Any CPU
		{997E6F64-5014-4CF6-8037-E7CDD3A80219}.Release|Any CPU.ActiveCfg = Release|Any CPU
		{997E6F64-5014-4CF6-8037-E7CDD3A80219}.Release|Any CPU.Build.0 = Release|Any CPU
		{55BA8981-AF16-496E-BA6D-D84AD33F0D85}.Debug|Any CPU.ActiveCfg = Debug|Any CPU
		{55BA8981-AF16-496E-BA6D-D84AD33F0D85}.Debug|Any CPU.Build.0 = Debug|Any CPU
		{55BA8981-AF16-496E-BA6D-D84AD33F0D85}.Release|Any CPU.ActiveCfg = Release|Any CPU
		{55BA8981-AF16-496E-BA6D-D84AD33F0D85}.Release|Any CPU.Build.0 = Release|Any CPU
		{BBC5E9B2-C644-47F4-B892-C1FFFD36ABBB}.Debug|Any CPU.ActiveCfg = Debug|Any CPU
		{BBC5E9B2-C644-47F4-B892-C1FFFD36ABBB}.Debug|Any CPU.Build.0 = Debug|Any CPU
		{BBC5E9B2-C644-47F4-B892-C1FFFD36ABBB}.Release|Any CPU.ActiveCfg = Release|Any CPU
		{BBC5E9B2-C644-47F4-B892-C1FFFD36ABBB}.Release|Any CPU.Build.0 = Release|Any CPU
		{A9D2AA9B-72AF-41CC-A92D-0B6920497F7B}.Debug|Any CPU.ActiveCfg = Debug|Any CPU
		{A9D2AA9B-72AF-41CC-A92D-0B6920497F7B}.Debug|Any CPU.Build.0 = Debug|Any CPU
		{A9D2AA9B-72AF-41CC-A92D-0B6920497F7B}.Release|Any CPU.ActiveCfg = Release|Any CPU
		{A9D2AA9B-72AF-41CC-A92D-0B6920497F7B}.Release|Any CPU.Build.0 = Release|Any CPU
		{3B15BFF4-6F6C-4DBB-9A8E-4D7D8E1997E9}.Debug|Any CPU.ActiveCfg = Debug|Any CPU
		{3B15BFF4-6F6C-4DBB-9A8E-4D7D8E1997E9}.Debug|Any CPU.Build.0 = Debug|Any CPU
		{3B15BFF4-6F6C-4DBB-9A8E-4D7D8E1997E9}.Release|Any CPU.ActiveCfg = Release|Any CPU
		{3B15BFF4-6F6C-4DBB-9A8E-4D7D8E1997E9}.Release|Any CPU.Build.0 = Release|Any CPU
		{5325AEF0-8E2E-46A5-9EDF-454BC20A53B0}.Debug|Any CPU.ActiveCfg = Debug|Any CPU
		{5325AEF0-8E2E-46A5-9EDF-454BC20A53B0}.Debug|Any CPU.Build.0 = Debug|Any CPU
		{5325AEF0-8E2E-46A5-9EDF-454BC20A53B0}.Release|Any CPU.ActiveCfg = Release|Any CPU
		{5325AEF0-8E2E-46A5-9EDF-454BC20A53B0}.Release|Any CPU.Build.0 = Release|Any CPU
		{C91D0E8D-F02A-458F-AE92-5A07B3602566}.Debug|Any CPU.ActiveCfg = Debug|Any CPU
		{C91D0E8D-F02A-458F-AE92-5A07B3602566}.Debug|Any CPU.Build.0 = Debug|Any CPU
		{C91D0E8D-F02A-458F-AE92-5A07B3602566}.Release|Any CPU.ActiveCfg = Release|Any CPU
		{C91D0E8D-F02A-458F-AE92-5A07B3602566}.Release|Any CPU.Build.0 = Release|Any CPU
		{E9236C6C-77C2-4717-A922-7C989FDBCE01}.Debug|Any CPU.ActiveCfg = Debug|Any CPU
		{E9236C6C-77C2-4717-A922-7C989FDBCE01}.Debug|Any CPU.Build.0 = Debug|Any CPU
		{E9236C6C-77C2-4717-A922-7C989FDBCE01}.Release|Any CPU.ActiveCfg = Release|Any CPU
		{E9236C6C-77C2-4717-A922-7C989FDBCE01}.Release|Any CPU.Build.0 = Release|Any CPU
		{8A3C546D-4B6F-4047-90F6-67A3F7A303DB}.Debug|Any CPU.ActiveCfg = Debug|Any CPU
		{8A3C546D-4B6F-4047-90F6-67A3F7A303DB}.Debug|Any CPU.Build.0 = Debug|Any CPU
		{8A3C546D-4B6F-4047-90F6-67A3F7A303DB}.Release|Any CPU.ActiveCfg = Release|Any CPU
		{8A3C546D-4B6F-4047-90F6-67A3F7A303DB}.Release|Any CPU.Build.0 = Release|Any CPU
		{4BF57352-602C-45AA-8D04-4A5B00635321}.Debug|Any CPU.ActiveCfg = Debug|Any CPU
		{4BF57352-602C-45AA-8D04-4A5B00635321}.Debug|Any CPU.Build.0 = Debug|Any CPU
		{4BF57352-602C-45AA-8D04-4A5B00635321}.Release|Any CPU.ActiveCfg = Release|Any CPU
		{4BF57352-602C-45AA-8D04-4A5B00635321}.Release|Any CPU.Build.0 = Release|Any CPU
		{18FB135E-D93F-44F3-80BB-293274103353}.Debug|Any CPU.ActiveCfg = Debug|Any CPU
		{18FB135E-D93F-44F3-80BB-293274103353}.Debug|Any CPU.Build.0 = Debug|Any CPU
		{18FB135E-D93F-44F3-80BB-293274103353}.Release|Any CPU.ActiveCfg = Release|Any CPU
		{18FB135E-D93F-44F3-80BB-293274103353}.Release|Any CPU.Build.0 = Release|Any CPU
		{5458A800-806E-4318-AAFC-23619C22B9F5}.Debug|Any CPU.ActiveCfg = Debug|Any CPU
		{5458A800-806E-4318-AAFC-23619C22B9F5}.Debug|Any CPU.Build.0 = Debug|Any CPU
		{5458A800-806E-4318-AAFC-23619C22B9F5}.Release|Any CPU.ActiveCfg = Release|Any CPU
		{5458A800-806E-4318-AAFC-23619C22B9F5}.Release|Any CPU.Build.0 = Release|Any CPU
		{FA9EC560-2F2A-4551-BEED-605581BA80C4}.Debug|Any CPU.ActiveCfg = Debug|Any CPU
		{FA9EC560-2F2A-4551-BEED-605581BA80C4}.Debug|Any CPU.Build.0 = Debug|Any CPU
		{FA9EC560-2F2A-4551-BEED-605581BA80C4}.Release|Any CPU.ActiveCfg = Release|Any CPU
		{FA9EC560-2F2A-4551-BEED-605581BA80C4}.Release|Any CPU.Build.0 = Release|Any CPU
		{DD6F429C-143A-4C8B-ADCE-EA06C29CD017}.Debug|Any CPU.ActiveCfg = Debug|Any CPU
		{DD6F429C-143A-4C8B-ADCE-EA06C29CD017}.Debug|Any CPU.Build.0 = Debug|Any CPU
		{DD6F429C-143A-4C8B-ADCE-EA06C29CD017}.Release|Any CPU.ActiveCfg = Release|Any CPU
		{DD6F429C-143A-4C8B-ADCE-EA06C29CD017}.Release|Any CPU.Build.0 = Release|Any CPU
		{1B6E09DA-16F9-4782-8A17-9CE61EA22723}.Debug|Any CPU.ActiveCfg = Debug|Any CPU
		{1B6E09DA-16F9-4782-8A17-9CE61EA22723}.Debug|Any CPU.Build.0 = Debug|Any CPU
		{1B6E09DA-16F9-4782-8A17-9CE61EA22723}.Release|Any CPU.ActiveCfg = Release|Any CPU
		{1B6E09DA-16F9-4782-8A17-9CE61EA22723}.Release|Any CPU.Build.0 = Release|Any CPU
		{FC0C8416-F30D-46D2-BD7C-797CC5BDA1D3}.Debug|Any CPU.ActiveCfg = Debug|Any CPU
		{FC0C8416-F30D-46D2-BD7C-797CC5BDA1D3}.Debug|Any CPU.Build.0 = Debug|Any CPU
		{FC0C8416-F30D-46D2-BD7C-797CC5BDA1D3}.Release|Any CPU.ActiveCfg = Release|Any CPU
		{FC0C8416-F30D-46D2-BD7C-797CC5BDA1D3}.Release|Any CPU.Build.0 = Release|Any CPU
		{045943C8-3DBF-4BEF-BC60-6AAEFBC138CB}.Debug|Any CPU.ActiveCfg = Debug|Any CPU
		{045943C8-3DBF-4BEF-BC60-6AAEFBC138CB}.Debug|Any CPU.Build.0 = Debug|Any CPU
		{045943C8-3DBF-4BEF-BC60-6AAEFBC138CB}.Release|Any CPU.ActiveCfg = Release|Any CPU
		{045943C8-3DBF-4BEF-BC60-6AAEFBC138CB}.Release|Any CPU.Build.0 = Release|Any CPU
		{6212D1F5-5581-40CF-8681-CA3077F93E0F}.Debug|Any CPU.ActiveCfg = Debug|Any CPU
		{6212D1F5-5581-40CF-8681-CA3077F93E0F}.Debug|Any CPU.Build.0 = Debug|Any CPU
		{6212D1F5-5581-40CF-8681-CA3077F93E0F}.Release|Any CPU.ActiveCfg = Release|Any CPU
		{6212D1F5-5581-40CF-8681-CA3077F93E0F}.Release|Any CPU.Build.0 = Release|Any CPU
		{E61665B2-634A-4D8A-8E6D-FEBEE0893B11}.Debug|Any CPU.ActiveCfg = Debug|Any CPU
		{E61665B2-634A-4D8A-8E6D-FEBEE0893B11}.Debug|Any CPU.Build.0 = Debug|Any CPU
		{E61665B2-634A-4D8A-8E6D-FEBEE0893B11}.Release|Any CPU.ActiveCfg = Release|Any CPU
		{E61665B2-634A-4D8A-8E6D-FEBEE0893B11}.Release|Any CPU.Build.0 = Release|Any CPU
		{41ED2B27-3E1A-42C9-9B1E-4CA8B77E4E4D}.Debug|Any CPU.ActiveCfg = Debug|Any CPU
		{41ED2B27-3E1A-42C9-9B1E-4CA8B77E4E4D}.Debug|Any CPU.Build.0 = Debug|Any CPU
		{41ED2B27-3E1A-42C9-9B1E-4CA8B77E4E4D}.Release|Any CPU.ActiveCfg = Release|Any CPU
		{41ED2B27-3E1A-42C9-9B1E-4CA8B77E4E4D}.Release|Any CPU.Build.0 = Release|Any CPU
		{A3944D06-E7C7-4849-9AE8-BD4B98C459D6}.Debug|Any CPU.ActiveCfg = Debug|Any CPU
		{A3944D06-E7C7-4849-9AE8-BD4B98C459D6}.Debug|Any CPU.Build.0 = Debug|Any CPU
		{A3944D06-E7C7-4849-9AE8-BD4B98C459D6}.Release|Any CPU.ActiveCfg = Release|Any CPU
		{A3944D06-E7C7-4849-9AE8-BD4B98C459D6}.Release|Any CPU.Build.0 = Release|Any CPU
		{A2B03CE3-6E6F-42D1-871B-060C266C4C1C}.Debug|Any CPU.ActiveCfg = Debug|Any CPU
		{A2B03CE3-6E6F-42D1-871B-060C266C4C1C}.Debug|Any CPU.Build.0 = Debug|Any CPU
		{A2B03CE3-6E6F-42D1-871B-060C266C4C1C}.Release|Any CPU.ActiveCfg = Release|Any CPU
		{A2B03CE3-6E6F-42D1-871B-060C266C4C1C}.Release|Any CPU.Build.0 = Release|Any CPU
		{23EC21B8-2F88-4B2E-8774-24F0C8009DF0}.Debug|Any CPU.ActiveCfg = Debug|Any CPU
		{23EC21B8-2F88-4B2E-8774-24F0C8009DF0}.Debug|Any CPU.Build.0 = Debug|Any CPU
		{23EC21B8-2F88-4B2E-8774-24F0C8009DF0}.Release|Any CPU.ActiveCfg = Release|Any CPU
		{23EC21B8-2F88-4B2E-8774-24F0C8009DF0}.Release|Any CPU.Build.0 = Release|Any CPU
		{F22E1DA1-2A0F-44A0-A943-DD1353F950E2}.Debug|Any CPU.ActiveCfg = Debug|Any CPU
		{F22E1DA1-2A0F-44A0-A943-DD1353F950E2}.Debug|Any CPU.Build.0 = Debug|Any CPU
		{F22E1DA1-2A0F-44A0-A943-DD1353F950E2}.Release|Any CPU.ActiveCfg = Release|Any CPU
		{F22E1DA1-2A0F-44A0-A943-DD1353F950E2}.Release|Any CPU.Build.0 = Release|Any CPU
		{E0DF7714-5DDE-46DB-BDD2-20BC79B3E365}.Debug|Any CPU.ActiveCfg = Debug|Any CPU
		{E0DF7714-5DDE-46DB-BDD2-20BC79B3E365}.Debug|Any CPU.Build.0 = Debug|Any CPU
		{E0DF7714-5DDE-46DB-BDD2-20BC79B3E365}.Release|Any CPU.ActiveCfg = Release|Any CPU
		{E0DF7714-5DDE-46DB-BDD2-20BC79B3E365}.Release|Any CPU.Build.0 = Release|Any CPU
		{1BDD46D1-9AA6-4175-AB47-A7CE25188751}.Debug|Any CPU.ActiveCfg = Debug|Any CPU
		{1BDD46D1-9AA6-4175-AB47-A7CE25188751}.Debug|Any CPU.Build.0 = Debug|Any CPU
		{1BDD46D1-9AA6-4175-AB47-A7CE25188751}.Release|Any CPU.ActiveCfg = Release|Any CPU
		{1BDD46D1-9AA6-4175-AB47-A7CE25188751}.Release|Any CPU.Build.0 = Release|Any CPU
		{39BE9A28-93E3-49AE-8B0F-58C46DF5FC26}.Debug|Any CPU.ActiveCfg = Debug|Any CPU
		{39BE9A28-93E3-49AE-8B0F-58C46DF5FC26}.Debug|Any CPU.Build.0 = Debug|Any CPU
		{39BE9A28-93E3-49AE-8B0F-58C46DF5FC26}.Release|Any CPU.ActiveCfg = Release|Any CPU
		{39BE9A28-93E3-49AE-8B0F-58C46DF5FC26}.Release|Any CPU.Build.0 = Release|Any CPU
	EndGlobalSection
	GlobalSection(SolutionProperties) = preSolution
		HideSolutionNode = FALSE
	EndGlobalSection
	GlobalSection(ExtensibilityGlobals) = postSolution
		SolutionGuid = {9A02F0CD-4B81-4A7B-A3EF-99CC2FDB9FFA}
	EndGlobalSection
EndGlobal
